// !$*UTF8*$!
{
	archiveVersion = 1;
	classes = {
	};
	objectVersion = 55;
	objects = {

/* Begin PBXBuildFile section */
		F6EB2AC5274A8A4F00984419 /* NotificationApp.swift in Sources */ = {isa = PBXBuildFile; fileRef = F6EB2AC4274A8A4F00984419 /* NotificationApp.swift */; };
		F6EB2AC7274A8A4F00984419 /* ContentView.swift in Sources */ = {isa = PBXBuildFile; fileRef = F6EB2AC6274A8A4F00984419 /* ContentView.swift */; };
		F6EB2AC9274A8A5100984419 /* Assets.xcassets in Resources */ = {isa = PBXBuildFile; fileRef = F6EB2AC8274A8A5100984419 /* Assets.xcassets */; };
		F6EB2ACC274A8A5100984419 /* Preview Assets.xcassets in Resources */ = {isa = PBXBuildFile; fileRef = F6EB2ACB274A8A5100984419 /* Preview Assets.xcassets */; };
		F6EB2AD6274A8A5200984419 /* NotificationTests.swift in Sources */ = {isa = PBXBuildFile; fileRef = F6EB2AD5274A8A5200984419 /* NotificationTests.swift */; };
		F6EB2AE0274A8A5200984419 /* NotificationUITests.swift in Sources */ = {isa = PBXBuildFile; fileRef = F6EB2ADF274A8A5200984419 /* NotificationUITests.swift */; };
		F6EB2AE2274A8A5200984419 /* NotificationUITestsLaunchTests.swift in Sources */ = {isa = PBXBuildFile; fileRef = F6EB2AE1274A8A5200984419 /* NotificationUITestsLaunchTests.swift */; };
/* End PBXBuildFile section */

/* Begin PBXContainerItemProxy section */
		F6EB2AD2274A8A5200984419 /* PBXContainerItemProxy */ = {
			isa = PBXContainerItemProxy;
			containerPortal = F6EB2AB9274A8A4F00984419 /* Project object */;
			proxyType = 1;
			remoteGlobalIDString = F6EB2AC0274A8A4F00984419;
			remoteInfo = Notification;
		};
		F6EB2ADC274A8A5200984419 /* PBXContainerItemProxy */ = {
			isa = PBXContainerItemProxy;
			containerPortal = F6EB2AB9274A8A4F00984419 /* Project object */;
			proxyType = 1;
			remoteGlobalIDString = F6EB2AC0274A8A4F00984419;
			remoteInfo = Notification;
		};
/* End PBXContainerItemProxy section */

/* Begin PBXFileReference section */
		F6EB2AC1274A8A4F00984419 /* Notification.app */ = {isa = PBXFileReference; explicitFileType = wrapper.application; includeInIndex = 0; path = Notification.app; sourceTree = BUILT_PRODUCTS_DIR; };
		F6EB2AC4274A8A4F00984419 /* NotificationApp.swift */ = {isa = PBXFileReference; lastKnownFileType = sourcecode.swift; path = NotificationApp.swift; sourceTree = "<group>"; };
		F6EB2AC6274A8A4F00984419 /* ContentView.swift */ = {isa = PBXFileReference; lastKnownFileType = sourcecode.swift; path = ContentView.swift; sourceTree = "<group>"; };
		F6EB2AC8274A8A5100984419 /* Assets.xcassets */ = {isa = PBXFileReference; lastKnownFileType = folder.assetcatalog; path = Assets.xcassets; sourceTree = "<group>"; };
		F6EB2ACB274A8A5100984419 /* Preview Assets.xcassets */ = {isa = PBXFileReference; lastKnownFileType = folder.assetcatalog; path = "Preview Assets.xcassets"; sourceTree = "<group>"; };
		F6EB2AD1274A8A5200984419 /* NotificationTests.xctest */ = {isa = PBXFileReference; explicitFileType = wrapper.cfbundle; includeInIndex = 0; path = NotificationTests.xctest; sourceTree = BUILT_PRODUCTS_DIR; };
		F6EB2AD5274A8A5200984419 /* NotificationTests.swift */ = {isa = PBXFileReference; lastKnownFileType = sourcecode.swift; path = NotificationTests.swift; sourceTree = "<group>"; };
		F6EB2ADB274A8A5200984419 /* NotificationUITests.xctest */ = {isa = PBXFileReference; explicitFileType = wrapper.cfbundle; includeInIndex = 0; path = NotificationUITests.xctest; sourceTree = BUILT_PRODUCTS_DIR; };
		F6EB2ADF274A8A5200984419 /* NotificationUITests.swift */ = {isa = PBXFileReference; lastKnownFileType = sourcecode.swift; path = NotificationUITests.swift; sourceTree = "<group>"; };
		F6EB2AE1274A8A5200984419 /* NotificationUITestsLaunchTests.swift */ = {isa = PBXFileReference; lastKnownFileType = sourcecode.swift; path = NotificationUITestsLaunchTests.swift; sourceTree = "<group>"; };
/* End PBXFileReference section */

/* Begin PBXFrameworksBuildPhase section */
		F6EB2ABE274A8A4F00984419 /* Frameworks */ = {
			isa = PBXFrameworksBuildPhase;
			buildActionMask = 2147483647;
			files = (
			);
			runOnlyForDeploymentPostprocessing = 0;
		};
		F6EB2ACE274A8A5200984419 /* Frameworks */ = {
			isa = PBXFrameworksBuildPhase;
			buildActionMask = 2147483647;
			files = (
			);
			runOnlyForDeploymentPostprocessing = 0;
		};
		F6EB2AD8274A8A5200984419 /* Frameworks */ = {
			isa = PBXFrameworksBuildPhase;
			buildActionMask = 2147483647;
			files = (
			);
			runOnlyForDeploymentPostprocessing = 0;
		};
/* End PBXFrameworksBuildPhase section */

/* Begin PBXGroup section */
		F6EB2AB8274A8A4F00984419 = {
			isa = PBXGroup;
			children = (
				F6EB2AC3274A8A4F00984419 /* Notification */,
				F6EB2AD4274A8A5200984419 /* NotificationTests */,
				F6EB2ADE274A8A5200984419 /* NotificationUITests */,
				F6EB2AC2274A8A4F00984419 /* Products */,
			);
			sourceTree = "<group>";
		};
		F6EB2AC2274A8A4F00984419 /* Products */ = {
			isa = PBXGroup;
			children = (
				F6EB2AC1274A8A4F00984419 /* Notification.app */,
				F6EB2AD1274A8A5200984419 /* NotificationTests.xctest */,
				F6EB2ADB274A8A5200984419 /* NotificationUITests.xctest */,
			);
			name = Products;
			sourceTree = "<group>";
		};
		F6EB2AC3274A8A4F00984419 /* Notification */ = {
			isa = PBXGroup;
			children = (
				F6EB2AC4274A8A4F00984419 /* NotificationApp.swift */,
				F6EB2AC6274A8A4F00984419 /* ContentView.swift */,
				F6EB2AC8274A8A5100984419 /* Assets.xcassets */,
				F6EB2ACA274A8A5100984419 /* Preview Content */,
			);
			path = Notification;
			sourceTree = "<group>";
		};
		F6EB2ACA274A8A5100984419 /* Preview Content */ = {
			isa = PBXGroup;
			children = (
				F6EB2ACB274A8A5100984419 /* Preview Assets.xcassets */,
			);
			path = "Preview Content";
			sourceTree = "<group>";
		};
		F6EB2AD4274A8A5200984419 /* NotificationTests */ = {
			isa = PBXGroup;
			children = (
				F6EB2AD5274A8A5200984419 /* NotificationTests.swift */,
			);
			path = NotificationTests;
			sourceTree = "<group>";
		};
		F6EB2ADE274A8A5200984419 /* NotificationUITests */ = {
			isa = PBXGroup;
			children = (
				F6EB2ADF274A8A5200984419 /* NotificationUITests.swift */,
				F6EB2AE1274A8A5200984419 /* NotificationUITestsLaunchTests.swift */,
			);
			path = NotificationUITests;
			sourceTree = "<group>";
		};
/* End PBXGroup section */

/* Begin PBXNativeTarget section */
		F6EB2AC0274A8A4F00984419 /* Notification */ = {
			isa = PBXNativeTarget;
			buildConfigurationList = F6EB2AE5274A8A5200984419 /* Build configuration list for PBXNativeTarget "Notification" */;
			buildPhases = (
				F6EB2ABD274A8A4F00984419 /* Sources */,
				F6EB2ABE274A8A4F00984419 /* Frameworks */,
				F6EB2ABF274A8A4F00984419 /* Resources */,
			);
			buildRules = (
			);
			dependencies = (
			);
			name = Notification;
			productName = Notification;
			productReference = F6EB2AC1274A8A4F00984419 /* Notification.app */;
			productType = "com.apple.product-type.application";
		};
		F6EB2AD0274A8A5200984419 /* NotificationTests */ = {
			isa = PBXNativeTarget;
			buildConfigurationList = F6EB2AE8274A8A5200984419 /* Build configuration list for PBXNativeTarget "NotificationTests" */;
			buildPhases = (
				F6EB2ACD274A8A5200984419 /* Sources */,
				F6EB2ACE274A8A5200984419 /* Frameworks */,
				F6EB2ACF274A8A5200984419 /* Resources */,
			);
			buildRules = (
			);
			dependencies = (
				F6EB2AD3274A8A5200984419 /* PBXTargetDependency */,
			);
			name = NotificationTests;
			productName = NotificationTests;
			productReference = F6EB2AD1274A8A5200984419 /* NotificationTests.xctest */;
			productType = "com.apple.product-type.bundle.unit-test";
		};
		F6EB2ADA274A8A5200984419 /* NotificationUITests */ = {
			isa = PBXNativeTarget;
			buildConfigurationList = F6EB2AEB274A8A5200984419 /* Build configuration list for PBXNativeTarget "NotificationUITests" */;
			buildPhases = (
				F6EB2AD7274A8A5200984419 /* Sources */,
				F6EB2AD8274A8A5200984419 /* Frameworks */,
				F6EB2AD9274A8A5200984419 /* Resources */,
			);
			buildRules = (
			);
			dependencies = (
				F6EB2ADD274A8A5200984419 /* PBXTargetDependency */,
			);
			name = NotificationUITests;
			productName = NotificationUITests;
			productReference = F6EB2ADB274A8A5200984419 /* NotificationUITests.xctest */;
			productType = "com.apple.product-type.bundle.ui-testing";
		};
/* End PBXNativeTarget section */

/* Begin PBXProject section */
		F6EB2AB9274A8A4F00984419 /* Project object */ = {
			isa = PBXProject;
			attributes = {
				BuildIndependentTargetsInParallel = 1;
				LastSwiftUpdateCheck = 1310;
				LastUpgradeCheck = 1310;
				TargetAttributes = {
					F6EB2AC0274A8A4F00984419 = {
						CreatedOnToolsVersion = 13.1;
					};
					F6EB2AD0274A8A5200984419 = {
						CreatedOnToolsVersion = 13.1;
						TestTargetID = F6EB2AC0274A8A4F00984419;
					};
					F6EB2ADA274A8A5200984419 = {
						CreatedOnToolsVersion = 13.1;
						TestTargetID = F6EB2AC0274A8A4F00984419;
					};
				};
			};
			buildConfigurationList = F6EB2ABC274A8A4F00984419 /* Build configuration list for PBXProject "Notification" */;
			compatibilityVersion = "Xcode 13.0";
			developmentRegion = en;
			hasScannedForEncodings = 0;
			knownRegions = (
				en,
				Base,
			);
			mainGroup = F6EB2AB8274A8A4F00984419;
			productRefGroup = F6EB2AC2274A8A4F00984419 /* Products */;
			projectDirPath = "";
			projectRoot = "";
			targets = (
				F6EB2AC0274A8A4F00984419 /* Notification */,
				F6EB2AD0274A8A5200984419 /* NotificationTests */,
				F6EB2ADA274A8A5200984419 /* NotificationUITests */,
			);
		};
/* End PBXProject section */

/* Begin PBXResourcesBuildPhase section */
		F6EB2ABF274A8A4F00984419 /* Resources */ = {
			isa = PBXResourcesBuildPhase;
			buildActionMask = 2147483647;
			files = (
				F6EB2ACC274A8A5100984419 /* Preview Assets.xcassets in Resources */,
				F6EB2AC9274A8A5100984419 /* Assets.xcassets in Resources */,
			);
			runOnlyForDeploymentPostprocessing = 0;
		};
		F6EB2ACF274A8A5200984419 /* Resources */ = {
			isa = PBXResourcesBuildPhase;
			buildActionMask = 2147483647;
			files = (
			);
			runOnlyForDeploymentPostprocessing = 0;
		};
		F6EB2AD9274A8A5200984419 /* Resources */ = {
			isa = PBXResourcesBuildPhase;
			buildActionMask = 2147483647;
			files = (
			);
			runOnlyForDeploymentPostprocessing = 0;
		};
/* End PBXResourcesBuildPhase section */

/* Begin PBXSourcesBuildPhase section */
		F6EB2ABD274A8A4F00984419 /* Sources */ = {
			isa = PBXSourcesBuildPhase;
			buildActionMask = 2147483647;
			files = (
				F6EB2AC7274A8A4F00984419 /* ContentView.swift in Sources */,
				F6EB2AC5274A8A4F00984419 /* NotificationApp.swift in Sources */,
			);
			runOnlyForDeploymentPostprocessing = 0;
		};
		F6EB2ACD274A8A5200984419 /* Sources */ = {
			isa = PBXSourcesBuildPhase;
			buildActionMask = 2147483647;
			files = (
				F6EB2AD6274A8A5200984419 /* NotificationTests.swift in Sources */,
			);
			runOnlyForDeploymentPostprocessing = 0;
		};
		F6EB2AD7274A8A5200984419 /* Sources */ = {
			isa = PBXSourcesBuildPhase;
			buildActionMask = 2147483647;
			files = (
				F6EB2AE0274A8A5200984419 /* NotificationUITests.swift in Sources */,
				F6EB2AE2274A8A5200984419 /* NotificationUITestsLaunchTests.swift in Sources */,
			);
			runOnlyForDeploymentPostprocessing = 0;
		};
/* End PBXSourcesBuildPhase section */

/* Begin PBXTargetDependency section */
		F6EB2AD3274A8A5200984419 /* PBXTargetDependency */ = {
			isa = PBXTargetDependency;
			target = F6EB2AC0274A8A4F00984419 /* Notification */;
			targetProxy = F6EB2AD2274A8A5200984419 /* PBXContainerItemProxy */;
		};
		F6EB2ADD274A8A5200984419 /* PBXTargetDependency */ = {
			isa = PBXTargetDependency;
			target = F6EB2AC0274A8A4F00984419 /* Notification */;
			targetProxy = F6EB2ADC274A8A5200984419 /* PBXContainerItemProxy */;
		};
/* End PBXTargetDependency section */

/* Begin XCBuildConfiguration section */
		F6EB2AE3274A8A5200984419 /* Debug */ = {
			isa = XCBuildConfiguration;
			buildSettings = {
				ALWAYS_SEARCH_USER_PATHS = NO;
				CLANG_ANALYZER_NONNULL = YES;
				CLANG_ANALYZER_NUMBER_OBJECT_CONVERSION = YES_AGGRESSIVE;
				CLANG_CXX_LANGUAGE_STANDARD = "gnu++17";
				CLANG_CXX_LIBRARY = "libc++";
				CLANG_ENABLE_MODULES = YES;
				CLANG_ENABLE_OBJC_ARC = YES;
				CLANG_ENABLE_OBJC_WEAK = YES;
				CLANG_WARN_BLOCK_CAPTURE_AUTORELEASING = YES;
				CLANG_WARN_BOOL_CONVERSION = YES;
				CLANG_WARN_COMMA = YES;
				CLANG_WARN_CONSTANT_CONVERSION = YES;
				CLANG_WARN_DEPRECATED_OBJC_IMPLEMENTATIONS = YES;
				CLANG_WARN_DIRECT_OBJC_ISA_USAGE = YES_ERROR;
				CLANG_WARN_DOCUMENTATION_COMMENTS = YES;
				CLANG_WARN_EMPTY_BODY = YES;
				CLANG_WARN_ENUM_CONVERSION = YES;
				CLANG_WARN_INFINITE_RECURSION = YES;
				CLANG_WARN_INT_CONVERSION = YES;
				CLANG_WARN_NON_LITERAL_NULL_CONVERSION = YES;
				CLANG_WARN_OBJC_IMPLICIT_RETAIN_SELF = YES;
				CLANG_WARN_OBJC_LITERAL_CONVERSION = YES;
				CLANG_WARN_OBJC_ROOT_CLASS = YES_ERROR;
				CLANG_WARN_QUOTED_INCLUDE_IN_FRAMEWORK_HEADER = YES;
				CLANG_WARN_RANGE_LOOP_ANALYSIS = YES;
				CLANG_WARN_STRICT_PROTOTYPES = YES;
				CLANG_WARN_SUSPICIOUS_MOVE = YES;
				CLANG_WARN_UNGUARDED_AVAILABILITY = YES_AGGRESSIVE;
				CLANG_WARN_UNREACHABLE_CODE = YES;
				CLANG_WARN__DUPLICATE_METHOD_MATCH = YES;
				COPY_PHASE_STRIP = NO;
				DEBUG_INFORMATION_FORMAT = dwarf;
				ENABLE_STRICT_OBJC_MSGSEND = YES;
				ENABLE_TESTABILITY = YES;
				GCC_C_LANGUAGE_STANDARD = gnu11;
				GCC_DYNAMIC_NO_PIC = NO;
				GCC_NO_COMMON_BLOCKS = YES;
				GCC_OPTIMIZATION_LEVEL = 0;
				GCC_PREPROCESSOR_DEFINITIONS = (
					"DEBUG=1",
					"$(inherited)",
				);
				GCC_WARN_64_TO_32_BIT_CONVERSION = YES;
				GCC_WARN_ABOUT_RETURN_TYPE = YES_ERROR;
				GCC_WARN_UNDECLARED_SELECTOR = YES;
				GCC_WARN_UNINITIALIZED_AUTOS = YES_AGGRESSIVE;
				GCC_WARN_UNUSED_FUNCTION = YES;
				GCC_WARN_UNUSED_VARIABLE = YES;
				IPHONEOS_DEPLOYMENT_TARGET = 15.0;
				MTL_ENABLE_DEBUG_INFO = INCLUDE_SOURCE;
				MTL_FAST_MATH = YES;
				ONLY_ACTIVE_ARCH = YES;
				SDKROOT = iphoneos;
				SWIFT_ACTIVE_COMPILATION_CONDITIONS = DEBUG;
				SWIFT_OPTIMIZATION_LEVEL = "-Onone";
			};
			name = Debug;
		};
		F6EB2AE4274A8A5200984419 /* Release */ = {
			isa = XCBuildConfiguration;
			buildSettings = {
				ALWAYS_SEARCH_USER_PATHS = NO;
				CLANG_ANALYZER_NONNULL = YES;
				CLANG_ANALYZER_NUMBER_OBJECT_CONVERSION = YES_AGGRESSIVE;
				CLANG_CXX_LANGUAGE_STANDARD = "gnu++17";
				CLANG_CXX_LIBRARY = "libc++";
				CLANG_ENABLE_MODULES = YES;
				CLANG_ENABLE_OBJC_ARC = YES;
				CLANG_ENABLE_OBJC_WEAK = YES;
				CLANG_WARN_BLOCK_CAPTURE_AUTORELEASING = YES;
				CLANG_WARN_BOOL_CONVERSION = YES;
				CLANG_WARN_COMMA = YES;
				CLANG_WARN_CONSTANT_CONVERSION = YES;
				CLANG_WARN_DEPRECATED_OBJC_IMPLEMENTATIONS = YES;
				CLANG_WARN_DIRECT_OBJC_ISA_USAGE = YES_ERROR;
				CLANG_WARN_DOCUMENTATION_COMMENTS = YES;
				CLANG_WARN_EMPTY_BODY = YES;
				CLANG_WARN_ENUM_CONVERSION = YES;
				CLANG_WARN_INFINITE_RECURSION = YES;
				CLANG_WARN_INT_CONVERSION = YES;
				CLANG_WARN_NON_LITERAL_NULL_CONVERSION = YES;
				CLANG_WARN_OBJC_IMPLICIT_RETAIN_SELF = YES;
				CLANG_WARN_OBJC_LITERAL_CONVERSION = YES;
				CLANG_WARN_OBJC_ROOT_CLASS = YES_ERROR;
				CLANG_WARN_QUOTED_INCLUDE_IN_FRAMEWORK_HEADER = YES;
				CLANG_WARN_RANGE_LOOP_ANALYSIS = YES;
				CLANG_WARN_STRICT_PROTOTYPES = YES;
				CLANG_WARN_SUSPICIOUS_MOVE = YES;
				CLANG_WARN_UNGUARDED_AVAILABILITY = YES_AGGRESSIVE;
				CLANG_WARN_UNREACHABLE_CODE = YES;
				CLANG_WARN__DUPLICATE_METHOD_MATCH = YES;
				COPY_PHASE_STRIP = NO;
				DEBUG_INFORMATION_FORMAT = "dwarf-with-dsym";
				ENABLE_NS_ASSERTIONS = NO;
				ENABLE_STRICT_OBJC_MSGSEND = YES;
				GCC_C_LANGUAGE_STANDARD = gnu11;
				GCC_NO_COMMON_BLOCKS = YES;
				GCC_WARN_64_TO_32_BIT_CONVERSION = YES;
				GCC_WARN_ABOUT_RETURN_TYPE = YES_ERROR;
				GCC_WARN_UNDECLARED_SELECTOR = YES;
				GCC_WARN_UNINITIALIZED_AUTOS = YES_AGGRESSIVE;
				GCC_WARN_UNUSED_FUNCTION = YES;
				GCC_WARN_UNUSED_VARIABLE = YES;
				IPHONEOS_DEPLOYMENT_TARGET = 15.0;
				MTL_ENABLE_DEBUG_INFO = NO;
				MTL_FAST_MATH = YES;
				SDKROOT = iphoneos;
				SWIFT_COMPILATION_MODE = wholemodule;
				SWIFT_OPTIMIZATION_LEVEL = "-O";
				VALIDATE_PRODUCT = YES;
			};
			name = Release;
		};
		F6EB2AE6274A8A5200984419 /* Debug */ = {
			isa = XCBuildConfiguration;
			buildSettings = {
				ASSETCATALOG_COMPILER_APPICON_NAME = AppIcon;
				ASSETCATALOG_COMPILER_GLOBAL_ACCENT_COLOR_NAME = AccentColor;
				CODE_SIGN_STYLE = Automatic;
				CURRENT_PROJECT_VERSION = 1;
				DEVELOPMENT_ASSET_PATHS = "\"Notification/Preview Content\"";
				ENABLE_PREVIEWS = YES;
				GENERATE_INFOPLIST_FILE = YES;
				INFOPLIST_KEY_UIApplicationSceneManifest_Generation = YES;
				INFOPLIST_KEY_UIApplicationSupportsIndirectInputEvents = YES;
				INFOPLIST_KEY_UILaunchScreen_Generation = YES;
				INFOPLIST_KEY_UISupportedInterfaceOrientations_iPad = "UIInterfaceOrientationPortrait UIInterfaceOrientationPortraitUpsideDown UIInterfaceOrientationLandscapeLeft UIInterfaceOrientationLandscapeRight";
				INFOPLIST_KEY_UISupportedInterfaceOrientations_iPhone = "UIInterfaceOrientationPortrait UIInterfaceOrientationLandscapeLeft UIInterfaceOrientationLandscapeRight";
				LD_RUNPATH_SEARCH_PATHS = (
					"$(inherited)",
					"@executable_path/Frameworks",
				);
				MARKETING_VERSION = 1.0;
				PRODUCT_BUNDLE_IDENTIFIER = N.Notification;
				PRODUCT_NAME = "$(TARGET_NAME)";
				SWIFT_EMIT_LOC_STRINGS = YES;
				SWIFT_VERSION = 5.0;
				TARGETED_DEVICE_FAMILY = "1,2";
			};
			name = Debug;
		};
		F6EB2AE7274A8A5200984419 /* Release */ = {
			isa = XCBuildConfiguration;
			buildSettings = {
				ASSETCATALOG_COMPILER_APPICON_NAME = AppIcon;
				ASSETCATALOG_COMPILER_GLOBAL_ACCENT_COLOR_NAME = AccentColor;
				CODE_SIGN_STYLE = Automatic;
				CURRENT_PROJECT_VERSION = 1;
				DEVELOPMENT_ASSET_PATHS = "\"Notification/Preview Content\"";
				ENABLE_PREVIEWS = YES;
				GENERATE_INFOPLIST_FILE = YES;
				INFOPLIST_KEY_UIApplicationSceneManifest_Generation = YES;
				INFOPLIST_KEY_UIApplicationSupportsIndirectInputEvents = YES;
				INFOPLIST_KEY_UILaunchScreen_Generation = YES;
				INFOPLIST_KEY_UISupportedInterfaceOrientations_iPad = "UIInterfaceOrientationPortrait UIInterfaceOrientationPortraitUpsideDown UIInterfaceOrientationLandscapeLeft UIInterfaceOrientationLandscapeRight";
				INFOPLIST_KEY_UISupportedInterfaceOrientations_iPhone = "UIInterfaceOrientationPortrait UIInterfaceOrientationLandscapeLeft UIInterfaceOrientationLandscapeRight";
				LD_RUNPATH_SEARCH_PATHS = (
					"$(inherited)",
					"@executable_path/Frameworks",
				);
				MARKETING_VERSION = 1.0;
				PRODUCT_BUNDLE_IDENTIFIER = N.Notification;
				PRODUCT_NAME = "$(TARGET_NAME)";
				SWIFT_EMIT_LOC_STRINGS = YES;
				SWIFT_VERSION = 5.0;
				TARGETED_DEVICE_FAMILY = "1,2";
			};
			name = Release;
		};
		F6EB2AE9274A8A5200984419 /* Debug */ = {
			isa = XCBuildConfiguration;
			buildSettings = {
				ALWAYS_EMBED_SWIFT_STANDARD_LIBRARIES = YES;
				BUNDLE_LOADER = "$(TEST_HOST)";
				CODE_SIGN_STYLE = Automatic;
				CURRENT_PROJECT_VERSION = 1;
				GENERATE_INFOPLIST_FILE = YES;
				IPHONEOS_DEPLOYMENT_TARGET = 15.0;
				LD_RUNPATH_SEARCH_PATHS = (
					"$(inherited)",
					"@executable_path/Frameworks",
					"@loader_path/Frameworks",
				);
				MARKETING_VERSION = 1.0;
				PRODUCT_BUNDLE_IDENTIFIER = N.NotificationTests;
				PRODUCT_NAME = "$(TARGET_NAME)";
				SWIFT_EMIT_LOC_STRINGS = NO;
				SWIFT_VERSION = 5.0;
				TARGETED_DEVICE_FAMILY = "1,2";
				TEST_HOST = "$(BUILT_PRODUCTS_DIR)/Notification.app/Notification";
			};
			name = Debug;
		};
		F6EB2AEA274A8A5200984419 /* Release */ = {
			isa = XCBuildConfiguration;
			buildSettings = {
				ALWAYS_EMBED_SWIFT_STANDARD_LIBRARIES = YES;
				BUNDLE_LOADER = "$(TEST_HOST)";
				CODE_SIGN_STYLE = Automatic;
				CURRENT_PROJECT_VERSION = 1;
				GENERATE_INFOPLIST_FILE = YES;
				IPHONEOS_DEPLOYMENT_TARGET = 15.0;
				LD_RUNPATH_SEARCH_PATHS = (
					"$(inherited)",
					"@executable_path/Frameworks",
					"@loader_path/Frameworks",
				);
				MARKETING_VERSION = 1.0;
				PRODUCT_BUNDLE_IDENTIFIER = N.NotificationTests;
				PRODUCT_NAME = "$(TARGET_NAME)";
				SWIFT_EMIT_LOC_STRINGS = NO;
				SWIFT_VERSION = 5.0;
				TARGETED_DEVICE_FAMILY = "1,2";
				TEST_HOST = "$(BUILT_PRODUCTS_DIR)/Notification.app/Notification";
			};
			name = Release;
		};
		F6EB2AEC274A8A5200984419 /* Debug */ = {
			isa = XCBuildConfiguration;
			buildSettings = {
				ALWAYS_EMBED_SWIFT_STANDARD_LIBRARIES = YES;
				CODE_SIGN_STYLE = Automatic;
				CURRENT_PROJECT_VERSION = 1;
				GENERATE_INFOPLIST_FILE = YES;
				LD_RUNPATH_SEARCH_PATHS = (
					"$(inherited)",
					"@executable_path/Frameworks",
					"@loader_path/Frameworks",
				);
				MARKETING_VERSION = 1.0;
				PRODUCT_BUNDLE_IDENTIFIER = N.NotificationUITests;
				PRODUCT_NAME = "$(TARGET_NAME)";
				SWIFT_EMIT_LOC_STRINGS = NO;
				SWIFT_VERSION = 5.0;
				TARGETED_DEVICE_FAMILY = "1,2";
				TEST_TARGET_NAME = Notification;
			};
			name = Debug;
		};
		F6EB2AED274A8A5200984419 /* Release */ = {
			isa = XCBuildConfiguration;
			buildSettings = {
				ALWAYS_EMBED_SWIFT_STANDARD_LIBRARIES = YES;
				CODE_SIGN_STYLE = Automatic;
				CURRENT_PROJECT_VERSION = 1;
				GENERATE_INFOPLIST_FILE = YES;
				LD_RUNPATH_SEARCH_PATHS = (
					"$(inherited)",
					"@executable_path/Frameworks",
					"@loader_path/Frameworks",
				);
				MARKETING_VERSION = 1.0;
				PRODUCT_BUNDLE_IDENTIFIER = N.NotificationUITests;
				PRODUCT_NAME = "$(TARGET_NAME)";
				SWIFT_EMIT_LOC_STRINGS = NO;
				SWIFT_VERSION = 5.0;
				TARGETED_DEVICE_FAMILY = "1,2";
				TEST_TARGET_NAME = Notification;
			};
			name = Release;
		};
/* End XCBuildConfiguration section */

/* Begin XCConfigurationList section */
		F6EB2ABC274A8A4F00984419 /* Build configuration list for PBXProject "Notification" */ = {
			isa = XCConfigurationList;
			buildConfigurations = (
				F6EB2AE3274A8A5200984419 /* Debug */,
				F6EB2AE4274A8A5200984419 /* Release */,
			);
			defaultConfigurationIsVisible = 0;
			defaultConfigurationName = Release;
		};
		F6EB2AE5274A8A5200984419 /* Build configuration list for PBXNativeTarget "Notification" */ = {
			isa = XCConfigurationList;
			buildConfigurations = (
				F6EB2AE6274A8A5200984419 /* Debug */,
				F6EB2AE7274A8A5200984419 /* Release */,
			);
			defaultConfigurationIsVisible = 0;
			defaultConfigurationName = Release;
		};
		F6EB2AE8274A8A5200984419 /* Build configuration list for PBXNativeTarget "NotificationTests" */ = {
			isa = XCConfigurationList;
			buildConfigurations = (
				F6EB2AE9274A8A5200984419 /* Debug */,
				F6EB2AEA274A8A5200984419 /* Release */,
			);
			defaultConfigurationIsVisible = 0;
			defaultConfigurationName = Release;
		};
		F6EB2AEB274A8A5200984419 /* Build configuration list for PBXNativeTarget "NotificationUITests" */ = {
			isa = XCConfigurationList;
			buildConfigurations = (
				F6EB2AEC274A8A5200984419 /* Debug */,
				F6EB2AED274A8A5200984419 /* Release */,
			);
			defaultConfigurationIsVisible = 0;
			defaultConfigurationName = Release;
		};
/* End XCConfigurationList section */
	};
	rootObject = F6EB2AB9274A8A4F00984419 /* Project object */;
}
